// !$*UTF8*$!
{
	archiveVersion = 1;
	classes = {
	};
	objectVersion = 50;
	objects = {

/* Begin PBXBuildFile section */
		11ADE5F4210AC34200C070DC /* AppDelegate.m in Sources */ = {isa = PBXBuildFile; fileRef = 11ADE5F3210AC34200C070DC /* AppDelegate.m */; };
		11ADE5F7210AC34200C070DC /* ViewController.m in Sources */ = {isa = PBXBuildFile; fileRef = 11ADE5F6210AC34200C070DC /* ViewController.m */; };
		11ADE5FA210AC34200C070DC /* Main.storyboard in Resources */ = {isa = PBXBuildFile; fileRef = 11ADE5F8210AC34200C070DC /* Main.storyboard */; };
		11ADE5FC210AC34500C070DC /* Assets.xcassets in Resources */ = {isa = PBXBuildFile; fileRef = 11ADE5FB210AC34500C070DC /* Assets.xcassets */; };
		11ADE5FF210AC34500C070DC /* LaunchScreen.storyboard in Resources */ = {isa = PBXBuildFile; fileRef = 11ADE5FD210AC34500C070DC /* LaunchScreen.storyboard */; };
		11ADE602210AC34500C070DC /* main.m in Sources */ = {isa = PBXBuildFile; fileRef = 11ADE601210AC34500C070DC /* main.m */; };
		C8BD88D20BA43B14807B9DCC /* libPods-JayceTool.a in Frameworks */ = {isa = PBXBuildFile; fileRef = F53518A7F5CF864D5CA085A4 /* libPods-JayceTool.a */; };
/* End PBXBuildFile section */

/* Begin PBXFileReference section */
		11ADE5EF210AC34200C070DC /* JayceTool.app */ = {isa = PBXFileReference; explicitFileType = wrapper.application; includeInIndex = 0; path = JayceTool.app; sourceTree = BUILT_PRODUCTS_DIR; };
		11ADE5F2210AC34200C070DC /* AppDelegate.h */ = {isa = PBXFileReference; lastKnownFileType = sourcecode.c.h; path = AppDelegate.h; sourceTree = "<group>"; };
		11ADE5F3210AC34200C070DC /* AppDelegate.m */ = {isa = PBXFileReference; lastKnownFileType = sourcecode.c.objc; path = AppDelegate.m; sourceTree = "<group>"; };
		11ADE5F5210AC34200C070DC /* ViewController.h */ = {isa = PBXFileReference; lastKnownFileType = sourcecode.c.h; path = ViewController.h; sourceTree = "<group>"; };
		11ADE5F6210AC34200C070DC /* ViewController.m */ = {isa = PBXFileReference; lastKnownFileType = sourcecode.c.objc; path = ViewController.m; sourceTree = "<group>"; };
		11ADE5F9210AC34200C070DC /* Base */ = {isa = PBXFileReference; lastKnownFileType = file.storyboard; name = Base; path = Base.lproj/Main.storyboard; sourceTree = "<group>"; };
		11ADE5FB210AC34500C070DC /* Assets.xcassets */ = {isa = PBXFileReference; lastKnownFileType = folder.assetcatalog; path = Assets.xcassets; sourceTree = "<group>"; };
		11ADE5FE210AC34500C070DC /* Base */ = {isa = PBXFileReference; lastKnownFileType = file.storyboard; name = Base; path = Base.lproj/LaunchScreen.storyboard; sourceTree = "<group>"; };
		11ADE600210AC34500C070DC /* Info.plist */ = {isa = PBXFileReference; lastKnownFileType = text.plist.xml; path = Info.plist; sourceTree = "<group>"; };
		11ADE601210AC34500C070DC /* main.m */ = {isa = PBXFileReference; lastKnownFileType = sourcecode.c.objc; path = main.m; sourceTree = "<group>"; };
		219F1C7D2337F1B26405E642 /* Pods-JayceTool.debug.xcconfig */ = {isa = PBXFileReference; includeInIndex = 1; lastKnownFileType = text.xcconfig; name = "Pods-JayceTool.debug.xcconfig"; path = "Pods/Target Support Files/Pods-JayceTool/Pods-JayceTool.debug.xcconfig"; sourceTree = "<group>"; };
		57824F2D6EECDBD9EB6B09C2 /* Pods-JayceTool.release.xcconfig */ = {isa = PBXFileReference; includeInIndex = 1; lastKnownFileType = text.xcconfig; name = "Pods-JayceTool.release.xcconfig"; path = "Pods/Target Support Files/Pods-JayceTool/Pods-JayceTool.release.xcconfig"; sourceTree = "<group>"; };
		F53518A7F5CF864D5CA085A4 /* libPods-JayceTool.a */ = {isa = PBXFileReference; explicitFileType = archive.ar; includeInIndex = 0; path = "libPods-JayceTool.a"; sourceTree = BUILT_PRODUCTS_DIR; };
/* End PBXFileReference section */

/* Begin PBXFrameworksBuildPhase section */
		11ADE5EC210AC34200C070DC /* Frameworks */ = {
			isa = PBXFrameworksBuildPhase;
			buildActionMask = 2147483647;
			files = (
				C8BD88D20BA43B14807B9DCC /* libPods-JayceTool.a in Frameworks */,
			);
			runOnlyForDeploymentPostprocessing = 0;
		};
/* End PBXFrameworksBuildPhase section */

/* Begin PBXGroup section */
		11ADE5E6210AC34200C070DC = {
			isa = PBXGroup;
			children = (
				11ADE5F1210AC34200C070DC /* JayceTool */,
				11ADE5F0210AC34200C070DC /* Products */,
				D044D4EF10AAB19CFE99A657 /* Pods */,
				A1E9B92918C7AE3CDE9D9B4D /* Frameworks */,
			);
			sourceTree = "<group>";
		};
		11ADE5F0210AC34200C070DC /* Products */ = {
			isa = PBXGroup;
			children = (
				11ADE5EF210AC34200C070DC /* JayceTool.app */,
			);
			name = Products;
			sourceTree = "<group>";
		};
		11ADE5F1210AC34200C070DC /* JayceTool */ = {
			isa = PBXGroup;
			children = (
				11ADE60C210DBDA700C070DC /* Extension */,
				11ADE5F2210AC34200C070DC /* AppDelegate.h */,
				11ADE5F3210AC34200C070DC /* AppDelegate.m */,
				11ADE5F5210AC34200C070DC /* ViewController.h */,
				11ADE5F6210AC34200C070DC /* ViewController.m */,
				11ADE5F8210AC34200C070DC /* Main.storyboard */,
				11ADE5FB210AC34500C070DC /* Assets.xcassets */,
				11ADE5FD210AC34500C070DC /* LaunchScreen.storyboard */,
				11ADE600210AC34500C070DC /* Info.plist */,
				11ADE601210AC34500C070DC /* main.m */,
			);
			path = JayceTool;
			sourceTree = "<group>";
		};
		11ADE60C210DBDA700C070DC /* Extension */ = {
			isa = PBXGroup;
			children = (
			);
			path = Extension;
			sourceTree = "<group>";
		};
		A1E9B92918C7AE3CDE9D9B4D /* Frameworks */ = {
			isa = PBXGroup;
			children = (
				F53518A7F5CF864D5CA085A4 /* libPods-JayceTool.a */,
			);
			name = Frameworks;
			sourceTree = "<group>";
		};
		D044D4EF10AAB19CFE99A657 /* Pods */ = {
			isa = PBXGroup;
			children = (
				219F1C7D2337F1B26405E642 /* Pods-JayceTool.debug.xcconfig */,
				57824F2D6EECDBD9EB6B09C2 /* Pods-JayceTool.release.xcconfig */,
			);
			name = Pods;
			sourceTree = "<group>";
		};
/* End PBXGroup section */

/* Begin PBXNativeTarget section */
		11ADE5EE210AC34200C070DC /* JayceTool */ = {
			isa = PBXNativeTarget;
			buildConfigurationList = 11ADE605210AC34500C070DC /* Build configuration list for PBXNativeTarget "JayceTool" */;
			buildPhases = (
				CAD60C9C3423822FA135575E /* [CP] Check Pods Manifest.lock */,
				11ADE5EB210AC34200C070DC /* Sources */,
				11ADE5EC210AC34200C070DC /* Frameworks */,
				11ADE5ED210AC34200C070DC /* Resources */,
				D97E822D94C593CA3509A369 /* [CP] Copy Pods Resources */,
			);
			buildRules = (
			);
			dependencies = (
			);
			name = JayceTool;
			productName = JayceTool;
			productReference = 11ADE5EF210AC34200C070DC /* JayceTool.app */;
			productType = "com.apple.product-type.application";
		};
/* End PBXNativeTarget section */

/* Begin PBXProject section */
		11ADE5E7210AC34200C070DC /* Project object */ = {
			isa = PBXProject;
			attributes = {
				LastUpgradeCheck = 0940;
				ORGANIZATIONNAME = Jayce;
				TargetAttributes = {
					11ADE5EE210AC34200C070DC = {
						CreatedOnToolsVersion = 9.4.1;
					};
				};
			};
			buildConfigurationList = 11ADE5EA210AC34200C070DC /* Build configuration list for PBXProject "JayceTool" */;
			compatibilityVersion = "Xcode 9.3";
			developmentRegion = en;
			hasScannedForEncodings = 0;
			knownRegions = (
				en,
				Base,
			);
			mainGroup = 11ADE5E6210AC34200C070DC;
			productRefGroup = 11ADE5F0210AC34200C070DC /* Products */;
			projectDirPath = "";
			projectRoot = "";
			targets = (
				11ADE5EE210AC34200C070DC /* JayceTool */,
			);
		};
/* End PBXProject section */

/* Begin PBXResourcesBuildPhase section */
		11ADE5ED210AC34200C070DC /* Resources */ = {
			isa = PBXResourcesBuildPhase;
			buildActionMask = 2147483647;
			files = (
				11ADE5FF210AC34500C070DC /* LaunchScreen.storyboard in Resources */,
				11ADE5FC210AC34500C070DC /* Assets.xcassets in Resources */,
				11ADE5FA210AC34200C070DC /* Main.storyboard in Resources */,
			);
			runOnlyForDeploymentPostprocessing = 0;
		};
/* End PBXResourcesBuildPhase section */

/* Begin PBXShellScriptBuildPhase section */
		CAD60C9C3423822FA135575E /* [CP] Check Pods Manifest.lock */ = {
			isa = PBXShellScriptBuildPhase;
			buildActionMask = 2147483647;
			files = (
			);
			inputPaths = (
				"${PODS_PODFILE_DIR_PATH}/Podfile.lock",
				"${PODS_ROOT}/Manifest.lock",
			);
			name = "[CP] Check Pods Manifest.lock";
			outputPaths = (
				"$(DERIVED_FILE_DIR)/Pods-JayceTool-checkManifestLockResult.txt",
			);
			runOnlyForDeploymentPostprocessing = 0;
			shellPath = /bin/sh;
			shellScript = "diff \"${PODS_PODFILE_DIR_PATH}/Podfile.lock\" \"${PODS_ROOT}/Manifest.lock\" > /dev/null\nif [ $? != 0 ] ; then\n    # print error to STDERR\n    echo \"error: The sandbox is not in sync with the Podfile.lock. Run 'pod install' or update your CocoaPods installation.\" >&2\n    exit 1\nfi\n# This output is used by Xcode 'outputs' to avoid re-running this script phase.\necho \"SUCCESS\" > \"${SCRIPT_OUTPUT_FILE_0}\"\n";
			showEnvVarsInLog = 0;
		};
		D97E822D94C593CA3509A369 /* [CP] Copy Pods Resources */ = {
			isa = PBXShellScriptBuildPhase;
			buildActionMask = 2147483647;
			files = (
			);
			inputPaths = (
				"${SRCROOT}/Pods/Target Support Files/Pods-JayceTool/Pods-JayceTool-resources.sh",
				"${PODS_ROOT}/IQKeyboardManager/IQKeyboardManager/Resources/IQKeyboardManager.bundle",
			);
			name = "[CP] Copy Pods Resources";
			outputPaths = (
				"${TARGET_BUILD_DIR}/${UNLOCALIZED_RESOURCES_FOLDER_PATH}/IQKeyboardManager.bundle",
			);
			runOnlyForDeploymentPostprocessing = 0;
			shellPath = /bin/sh;
			shellScript = "\"${SRCROOT}/Pods/Target Support Files/Pods-JayceTool/Pods-JayceTool-resources.sh\"\n";
			showEnvVarsInLog = 0;
		};
/* End PBXShellScriptBuildPhase section */

/* Begin PBXSourcesBuildPhase section */
		11ADE5EB210AC34200C070DC /* Sources */ = {
			isa = PBXSourcesBuildPhase;
			buildActionMask = 2147483647;
			files = (
				11ADE5F7210AC34200C070DC /* ViewController.m in Sources */,
				11ADE602210AC34500C070DC /* main.m in Sources */,
				11ADE5F4210AC34200C070DC /* AppDelegate.m in Sources */,
			);
			runOnlyForDeploymentPostprocessing = 0;
		};
/* End PBXSourcesBuildPhase section */

/* Begin PBXVariantGroup section */
		11ADE5F8210AC34200C070DC /* Main.storyboard */ = {
			isa = PBXVariantGroup;
			children = (
				11ADE5F9210AC34200C070DC /* Base */,
			);
			name = Main.storyboard;
			sourceTree = "<group>";
		};
		11ADE5FD210AC34500C070DC /* LaunchScreen.storyboard */ = {
			isa = PBXVariantGroup;
			children = (
				11ADE5FE210AC34500C070DC /* Base */,
			);
			name = LaunchScreen.storyboard;
			sourceTree = "<group>";
		};
/* End PBXVariantGroup section */

/* Begin XCBuildConfiguration section */
		11ADE603210AC34500C070DC /* Debug */ = {
			isa = XCBuildConfiguration;
			buildSettings = {
				ALWAYS_SEARCH_USER_PATHS = NO;
				CLANG_ANALYZER_NONNULL = YES;
				CLANG_ANALYZER_NUMBER_OBJECT_CONVERSION = YES_AGGRESSIVE;
				CLANG_CXX_LANGUAGE_STANDARD = "gnu++14";
				CLANG_CXX_LIBRARY = "libc++";
				CLANG_ENABLE_MODULES = YES;
				CLANG_ENABLE_OBJC_ARC = YES;
				CLANG_ENABLE_OBJC_WEAK = YES;
				CLANG_WARN_BLOCK_CAPTURE_AUTORELEASING = YES;
				CLANG_WARN_BOOL_CONVERSION = YES;
				CLANG_WARN_COMMA = YES;
				CLANG_WARN_CONSTANT_CONVERSION = YES;
				CLANG_WARN_DEPRECATED_OBJC_IMPLEMENTATIONS = YES;
				CLANG_WARN_DIRECT_OBJC_ISA_USAGE = YES_ERROR;
				CLANG_WARN_DOCUMENTATION_COMMENTS = YES;
				CLANG_WARN_EMPTY_BODY = YES;
				CLANG_WARN_ENUM_CONVERSION = YES;
				CLANG_WARN_INFINITE_RECURSION = YES;
				CLANG_WARN_INT_CONVERSION = YES;
				CLANG_WARN_NON_LITERAL_NULL_CONVERSION = YES;
				CLANG_WARN_OBJC_IMPLICIT_RETAIN_SELF = YES;
				CLANG_WARN_OBJC_LITERAL_CONVERSION = YES;
				CLANG_WARN_OBJC_ROOT_CLASS = YES_ERROR;
				CLANG_WARN_RANGE_LOOP_ANALYSIS = YES;
				CLANG_WARN_STRICT_PROTOTYPES = YES;
				CLANG_WARN_SUSPICIOUS_MOVE = YES;
				CLANG_WARN_UNGUARDED_AVAILABILITY = YES_AGGRESSIVE;
				CLANG_WARN_UNREACHABLE_CODE = YES;
				CLANG_WARN__DUPLICATE_METHOD_MATCH = YES;
				CODE_SIGN_IDENTITY = "iPhone Developer";
				COPY_PHASE_STRIP = NO;
				DEBUG_INFORMATION_FORMAT = dwarf;
				ENABLE_STRICT_OBJC_MSGSEND = YES;
				ENABLE_TESTABILITY = YES;
				GCC_C_LANGUAGE_STANDARD = gnu11;
				GCC_DYNAMIC_NO_PIC = NO;
				GCC_NO_COMMON_BLOCKS = YES;
				GCC_OPTIMIZATION_LEVEL = 0;
				GCC_PREPROCESSOR_DEFINITIONS = (
					"DEBUG=1",
					"$(inherited)",
				);
				GCC_WARN_64_TO_32_BIT_CONVERSION = YES;
				GCC_WARN_ABOUT_RETURN_TYPE = YES_ERROR;
				GCC_WARN_UNDECLARED_SELECTOR = YES;
				GCC_WARN_UNINITIALIZED_AUTOS = YES_AGGRESSIVE;
				GCC_WARN_UNUSED_FUNCTION = YES;
				GCC_WARN_UNUSED_VARIABLE = YES;
				IPHONEOS_DEPLOYMENT_TARGET = 11.4;
				MTL_ENABLE_DEBUG_INFO = YES;
				ONLY_ACTIVE_ARCH = YES;
				SDKROOT = iphoneos;
			};
			name = Debug;
		};
		11ADE604210AC34500C070DC /* Release */ = {
			isa = XCBuildConfiguration;
			buildSettings = {
				ALWAYS_SEARCH_USER_PATHS = NO;
				CLANG_ANALYZER_NONNULL = YES;
				CLANG_ANALYZER_NUMBER_OBJECT_CONVERSION = YES_AGGRESSIVE;
				CLANG_CXX_LANGUAGE_STANDARD = "gnu++14";
				CLANG_CXX_LIBRARY = "libc++";
				CLANG_ENABLE_MODULES = YES;
				CLANG_ENABLE_OBJC_ARC = YES;
				CLANG_ENABLE_OBJC_WEAK = YES;
				CLANG_WARN_BLOCK_CAPTURE_AUTORELEASING = YES;
				CLANG_WARN_BOOL_CONVERSION = YES;
				CLANG_WARN_COMMA = YES;
				CLANG_WARN_CONSTANT_CONVERSION = YES;
				CLANG_WARN_DEPRECATED_OBJC_IMPLEMENTATIONS = YES;
				CLANG_WARN_DIRECT_OBJC_ISA_USAGE = YES_ERROR;
				CLANG_WARN_DOCUMENTATION_COMMENTS = YES;
				CLANG_WARN_EMPTY_BODY = YES;
				CLANG_WARN_ENUM_CONVERSION = YES;
				CLANG_WARN_INFINITE_RECURSION = YES;
				CLANG_WARN_INT_CONVERSION = YES;
				CLANG_WARN_NON_LITERAL_NULL_CONVERSION = YES;
				CLANG_WARN_OBJC_IMPLICIT_RETAIN_SELF = YES;
				CLANG_WARN_OBJC_LITERAL_CONVERSION = YES;
				CLANG_WARN_OBJC_ROOT_CLASS = YES_ERROR;
				CLANG_WARN_RANGE_LOOP_ANALYSIS = YES;
				CLANG_WARN_STRICT_PROTOTYPES = YES;
				CLANG_WARN_SUSPICIOUS_MOVE = YES;
				CLANG_WARN_UNGUARDED_AVAILABILITY = YES_AGGRESSIVE;
				CLANG_WARN_UNREACHABLE_CODE = YES;
				CLANG_WARN__DUPLICATE_METHOD_MATCH = YES;
				CODE_SIGN_IDENTITY = "iPhone Developer";
				COPY_PHASE_STRIP = NO;
				DEBUG_INFORMATION_FORMAT = "dwarf-with-dsym";
				ENABLE_NS_ASSERTIONS = NO;
				ENABLE_STRICT_OBJC_MSGSEND = YES;
				GCC_C_LANGUAGE_STANDARD = gnu11;
				GCC_NO_COMMON_BLOCKS = YES;
				GCC_WARN_64_TO_32_BIT_CONVERSION = YES;
				GCC_WARN_ABOUT_RETURN_TYPE = YES_ERROR;
				GCC_WARN_UNDECLARED_SELECTOR = YES;
				GCC_WARN_UNINITIALIZED_AUTOS = YES_AGGRESSIVE;
				GCC_WARN_UNUSED_FUNCTION = YES;
				GCC_WARN_UNUSED_VARIABLE = YES;
				IPHONEOS_DEPLOYMENT_TARGET = 11.4;
				MTL_ENABLE_DEBUG_INFO = NO;
				SDKROOT = iphoneos;
				VALIDATE_PRODUCT = YES;
			};
			name = Release;
		};
		11ADE606210AC34500C070DC /* Debug */ = {
			isa = XCBuildConfiguration;
			baseConfigurationReference = 219F1C7D2337F1B26405E642 /* Pods-JayceTool.debug.xcconfig */;
			buildSettings = {
				ASSETCATALOG_COMPILER_APPICON_NAME = AppIcon;
				CODE_SIGN_STYLE = Automatic;
				DEVELOPMENT_TEAM = HC7ZK6GR5M;
				INFOPLIST_FILE = JayceTool/Info.plist;
				LD_RUNPATH_SEARCH_PATHS = (
					"$(inherited)",
					"@executable_path/Frameworks",
				);
				PRODUCT_BUNDLE_IDENTIFIER = com.cikeOnline.cike;
				PRODUCT_NAME = "$(TARGET_NAME)";
				TARGETED_DEVICE_FAMILY = "1,2";
			};
			name = Debug;
		};
		11ADE607210AC34500C070DC /* Release */ = {
			isa = XCBuildConfiguration;
			baseConfigurationReference = 57824F2D6EECDBD9EB6B09C2 /* Pods-JayceTool.release.xcconfig */;
			buildSettings = {
				ASSETCATALOG_COMPILER_APPICON_NAME = AppIcon;
				CODE_SIGN_STYLE = Automatic;
				DEVELOPMENT_TEAM = HC7ZK6GR5M;
				INFOPLIST_FILE = JayceTool/Info.plist;
				LD_RUNPATH_SEARCH_PATHS = (
					"$(inherited)",
					"@executable_path/Frameworks",
				);
				PRODUCT_BUNDLE_IDENTIFIER = com.cikeOnline.cike;
				PRODUCT_NAME = "$(TARGET_NAME)";
				TARGETED_DEVICE_FAMILY = "1,2";
			};
			name = Release;
		};
/* End XCBuildConfiguration section */

/* Begin XCConfigurationList section */
		11ADE5EA210AC34200C070DC /* Build configuration list for PBXProject "JayceTool" */ = {
			isa = XCConfigurationList;
			buildConfigurations = (
				11ADE603210AC34500C070DC /* Debug */,
				11ADE604210AC34500C070DC /* Release */,
			);
			defaultConfigurationIsVisible = 0;
			defaultConfigurationName = Release;
		};
		11ADE605210AC34500C070DC /* Build configuration list for PBXNativeTarget "JayceTool" */ = {
			isa = XCConfigurationList;
			buildConfigurations = (
				11ADE606210AC34500C070DC /* Debug */,
				11ADE607210AC34500C070DC /* Release */,
			);
			defaultConfigurationIsVisible = 0;
			defaultConfigurationName = Release;
		};
/* End XCConfigurationList section */
	};
	rootObject = 11ADE5E7210AC34200C070DC /* Project object */;
}
